
Microsoft Visual Studio Solution File, Format Version 12.00
# Visual Studio Version 17
VisualStudioVersion = 17.7.34031.279
MinimumVisualStudioVersion = 10.0.40219.1
Project("{FAE04EC0-301F-11D3-BF4B-00C04F79EFBC}") = "JenkinsWebApplicationDemo", "JenkinsWebApplicationDemo\JenkinsWebApplicationDemo.csproj", "{B7F06DCF-5A3B-4545-9B84-AE46A651BC60}"
EndProject
Project("{FAE04EC0-301F-11D3-BF4B-00C04F79EFBC}") = "TestProject1", "TestProject1\TestProject1.csproj", "{AAC9A6A2-1175-4EA5-A2E9-3B99A49DA819}"
EndProject
Global
	GlobalSection(SolutionConfigurationPlatforms) = preSolution
		Debug|Any CPU = Debug|Any CPU
		Release|Any CPU = Release|Any CPU
	EndGlobalSection
	GlobalSection(ProjectConfigurationPlatforms) = postSolution
		{B7F06DCF-5A3B-4545-9B84-AE46A651BC60}.Debug|Any CPU.ActiveCfg = Debug|Any CPU
		{B7F06DCF-5A3B-4545-9B84-AE46A651BC60}.Debug|Any CPU.Build.0 = Debug|Any CPU
		{B7F06DCF-5A3B-4545-9B84-AE46A651BC60}.Release|Any CPU.ActiveCfg = Release|Any CPU
		{B7F06DCF-5A3B-4545-9B84-AE46A651BC60}.Release|Any CPU.Build.0 = Release|Any CPU
		{AAC9A6A2-1175-4EA5-A2E9-3B99A49DA819}.Debug|Any CPU.ActiveCfg = Debug|Any CPU
		{AAC9A6A2-1175-4EA5-A2E9-3B99A49DA819}.Debug|Any CPU.Build.0 = Debug|Any CPU
		{AAC9A6A2-1175-4EA5-A2E9-3B99A49DA819}.Release|Any CPU.ActiveCfg = Release|Any CPU
		{AAC9A6A2-1175-4EA5-A2E9-3B99A49DA819}.Release|Any CPU.Build.0 = Release|Any CPU
	EndGlobalSection
	GlobalSection(SolutionProperties) = preSolution
		HideSolutionNode = FALSE
	EndGlobalSection
	GlobalSection(ExtensibilityGlobals) = postSolution
		SolutionGuid = {2E73F02E-CC95-4BD0-AD0F-3248E2D07C65}
	EndGlobalSection
EndGlobal
